
Microsoft Visual Studio Solution File, Format Version 12.00
# Visual Studio 2015
Project("{FAE04EC0-301F-11D3-BF4B-00C04F79EFBC}") = "UIShader", "UIShader.csproj", "{830F1A7B-B9BC-7696-C9DC-072BF414B8DC}"
EndProject
Project("{FAE04EC0-301F-11D3-BF4B-00C04F79EFBC}") = "UIShader.Editor", "UIShader.Editor.csproj", "{C8620BF1-D84B-2BC6-5886-C2431B31BC5D}"
EndProject
Global
	GlobalSection(SolutionConfigurationPlatforms) = preSolution
		Debug|Any CPU = Debug|Any CPU
		Release|Any CPU = Release|Any CPU
	EndGlobalSection
	GlobalSection(ProjectConfigurationPlatforms) = postSolution
		{830F1A7B-B9BC-7696-C9DC-072BF414B8DC}.Debug|Any CPU.ActiveCfg = Debug|Any CPU
		{830F1A7B-B9BC-7696-C9DC-072BF414B8DC}.Debug|Any CPU.Build.0 = Debug|Any CPU
		{830F1A7B-B9BC-7696-C9DC-072BF414B8DC}.Release|Any CPU.ActiveCfg = Release|Any CPU
		{830F1A7B-B9BC-7696-C9DC-072BF414B8DC}.Release|Any CPU.Build.0 = Release|Any CPU
		{C8620BF1-D84B-2BC6-5886-C2431B31BC5D}.Debug|Any CPU.ActiveCfg = Debug|Any CPU
		{C8620BF1-D84B-2BC6-5886-C2431B31BC5D}.Debug|Any CPU.Build.0 = Debug|Any CPU
		{C8620BF1-D84B-2BC6-5886-C2431B31BC5D}.Release|Any CPU.ActiveCfg = Release|Any CPU
		{C8620BF1-D84B-2BC6-5886-C2431B31BC5D}.Release|Any CPU.Build.0 = Release|Any CPU
	EndGlobalSection
	GlobalSection(SolutionProperties) = preSolution
		HideSolutionNode = FALSE
	EndGlobalSection
EndGlobal
